// !$*UTF8*$!
{
	archiveVersion = 1;
	classes = {
	};
	objectVersion = 56;
	objects = {

/* Begin PBXBuildFile section */
		E761DA9C29348C8F005F9A4D /* AppDelegate.swift in Sources */ = {isa = PBXBuildFile; fileRef = E761DA9B29348C8F005F9A4D /* AppDelegate.swift */; };
		E761DA9E29348C8F005F9A4D /* SceneDelegate.swift in Sources */ = {isa = PBXBuildFile; fileRef = E761DA9D29348C8F005F9A4D /* SceneDelegate.swift */; };
		E761DAA029348C8F005F9A4D /* ViewController.swift in Sources */ = {isa = PBXBuildFile; fileRef = E761DA9F29348C8F005F9A4D /* ViewController.swift */; };
		E761DAA529348C90005F9A4D /* Assets.xcassets in Resources */ = {isa = PBXBuildFile; fileRef = E761DAA429348C90005F9A4D /* Assets.xcassets */; };
		E761DAA829348C90005F9A4D /* LaunchScreen.storyboard in Resources */ = {isa = PBXBuildFile; fileRef = E761DAA629348C90005F9A4D /* LaunchScreen.storyboard */; };
		E761DAB72934C6F1005F9A4D /* CustomUISwitch.swift in Sources */ = {isa = PBXBuildFile; fileRef = E761DAB62934C6F1005F9A4D /* CustomUISwitch.swift */; };
		E77D94D32936F4AC00CB8C67 /* CustomThumbView.swift in Sources */ = {isa = PBXBuildFile; fileRef = E77D94D22936F4AC00CB8C67 /* CustomThumbView.swift */; };
/* End PBXBuildFile section */

/* Begin PBXFileReference section */
		E761DA9829348C8F005F9A4D /* CustomSwitch.app */ = {isa = PBXFileReference; explicitFileType = wrapper.application; includeInIndex = 0; path = CustomSwitch.app; sourceTree = BUILT_PRODUCTS_DIR; };
		E761DA9B29348C8F005F9A4D /* AppDelegate.swift */ = {isa = PBXFileReference; lastKnownFileType = sourcecode.swift; path = AppDelegate.swift; sourceTree = "<group>"; };
		E761DA9D29348C8F005F9A4D /* SceneDelegate.swift */ = {isa = PBXFileReference; lastKnownFileType = sourcecode.swift; path = SceneDelegate.swift; sourceTree = "<group>"; };
		E761DA9F29348C8F005F9A4D /* ViewController.swift */ = {isa = PBXFileReference; lastKnownFileType = sourcecode.swift; path = ViewController.swift; sourceTree = "<group>"; };
		E761DAA429348C90005F9A4D /* Assets.xcassets */ = {isa = PBXFileReference; lastKnownFileType = folder.assetcatalog; path = Assets.xcassets; sourceTree = "<group>"; };
		E761DAA729348C90005F9A4D /* Base */ = {isa = PBXFileReference; lastKnownFileType = file.storyboard; name = Base; path = Base.lproj/LaunchScreen.storyboard; sourceTree = "<group>"; };
		E761DAA929348C90005F9A4D /* Info.plist */ = {isa = PBXFileReference; lastKnownFileType = text.plist.xml; path = Info.plist; sourceTree = "<group>"; };
		E761DAB62934C6F1005F9A4D /* CustomUISwitch.swift */ = {isa = PBXFileReference; lastKnownFileType = sourcecode.swift; path = CustomUISwitch.swift; sourceTree = "<group>"; };
		E77D94D22936F4AC00CB8C67 /* CustomThumbView.swift */ = {isa = PBXFileReference; lastKnownFileType = sourcecode.swift; path = CustomThumbView.swift; sourceTree = "<group>"; };
/* End PBXFileReference section */

/* Begin PBXFrameworksBuildPhase section */
		E761DA9529348C8F005F9A4D /* Frameworks */ = {
			isa = PBXFrameworksBuildPhase;
			buildActionMask = 2147483647;
			files = (
			);
			runOnlyForDeploymentPostprocessing = 0;
		};
/* End PBXFrameworksBuildPhase section */

/* Begin PBXGroup section */
		E761DA8F29348C8F005F9A4D = {
			isa = PBXGroup;
			children = (
				E761DA9A29348C8F005F9A4D /* CustomSwitch */,
				E761DA9929348C8F005F9A4D /* Products */,
			);
			sourceTree = "<group>";
		};
		E761DA9929348C8F005F9A4D /* Products */ = {
			isa = PBXGroup;
			children = (
				E761DA9829348C8F005F9A4D /* CustomSwitch.app */,
			);
			name = Products;
			sourceTree = "<group>";
		};
		E761DA9A29348C8F005F9A4D /* CustomSwitch */ = {
			isa = PBXGroup;
			children = (
				E77D94D42936F4B800CB8C67 /* CustomUISwitch */,
				E761DA9B29348C8F005F9A4D /* AppDelegate.swift */,
				E761DA9D29348C8F005F9A4D /* SceneDelegate.swift */,
				E761DA9F29348C8F005F9A4D /* ViewController.swift */,
				E761DAA429348C90005F9A4D /* Assets.xcassets */,
				E761DAA629348C90005F9A4D /* LaunchScreen.storyboard */,
				E761DAA929348C90005F9A4D /* Info.plist */,
			);
			path = CustomSwitch;
			sourceTree = "<group>";
		};
		E77D94D42936F4B800CB8C67 /* CustomUISwitch */ = {
			isa = PBXGroup;
			children = (
				E761DAB62934C6F1005F9A4D /* CustomUISwitch.swift */,
				E77D94D22936F4AC00CB8C67 /* CustomThumbView.swift */,
			);
			path = CustomUISwitch;
			sourceTree = "<group>";
		};
/* End PBXGroup section */

/* Begin PBXNativeTarget section */
		E761DA9729348C8F005F9A4D /* CustomSwitch */ = {
			isa = PBXNativeTarget;
			buildConfigurationList = E761DAAC29348C90005F9A4D /* Build configuration list for PBXNativeTarget "CustomSwitch" */;
			buildPhases = (
				E761DA9429348C8F005F9A4D /* Sources */,
				E761DA9529348C8F005F9A4D /* Frameworks */,
				E761DA9629348C8F005F9A4D /* Resources */,
			);
			buildRules = (
			);
			dependencies = (
			);
			name = CustomSwitch;
			productName = CustomSwitch;
			productReference = E761DA9829348C8F005F9A4D /* CustomSwitch.app */;
			productType = "com.apple.product-type.application";
		};
/* End PBXNativeTarget section */

/* Begin PBXProject section */
		E761DA9029348C8F005F9A4D /* Project object */ = {
			isa = PBXProject;
			attributes = {
				BuildIndependentTargetsInParallel = 1;
				LastSwiftUpdateCheck = 1400;
				LastUpgradeCheck = 1400;
				TargetAttributes = {
					E761DA9729348C8F005F9A4D = {
						CreatedOnToolsVersion = 14.0.1;
					};
				};
			};
			buildConfigurationList = E761DA9329348C8F005F9A4D /* Build configuration list for PBXProject "CustomSwitch" */;
			compatibilityVersion = "Xcode 14.0";
			developmentRegion = en;
			hasScannedForEncodings = 0;
			knownRegions = (
				en,
				Base,
			);
			mainGroup = E761DA8F29348C8F005F9A4D;
			productRefGroup = E761DA9929348C8F005F9A4D /* Products */;
			projectDirPath = "";
			projectRoot = "";
			targets = (
				E761DA9729348C8F005F9A4D /* CustomSwitch */,
			);
		};
/* End PBXProject section */

/* Begin PBXResourcesBuildPhase section */
		E761DA9629348C8F005F9A4D /* Resources */ = {
			isa = PBXResourcesBuildPhase;
			buildActionMask = 2147483647;
			files = (
				E761DAA829348C90005F9A4D /* LaunchScreen.storyboard in Resources */,
				E761DAA529348C90005F9A4D /* Assets.xcassets in Resources */,
			);
			runOnlyForDeploymentPostprocessing = 0;
		};
/* End PBXResourcesBuildPhase section */

/* Begin PBXSourcesBuildPhase section */
		E761DA9429348C8F005F9A4D /* Sources */ = {
			isa = PBXSourcesBuildPhase;
			buildActionMask = 2147483647;
			files = (
				E761DAA029348C8F005F9A4D /* ViewController.swift in Sources */,
				E761DA9C29348C8F005F9A4D /* AppDelegate.swift in Sources */,
				E761DAB72934C6F1005F9A4D /* CustomUISwitch.swift in Sources */,
				E77D94D32936F4AC00CB8C67 /* CustomThumbView.swift in Sources */,
				E761DA9E29348C8F005F9A4D /* SceneDelegate.swift in Sources */,
			);
			runOnlyForDeploymentPostprocessing = 0;
		};
/* End PBXSourcesBuildPhase section */

/* Begin PBXVariantGroup section */
		E761DAA629348C90005F9A4D /* LaunchScreen.storyboard */ = {
			isa = PBXVariantGroup;
			children = (
				E761DAA729348C90005F9A4D /* Base */,
			);
			name = LaunchScreen.storyboard;
			sourceTree = "<group>";
		};
/* End PBXVariantGroup section */

/* Begin XCBuildConfiguration section */
		E761DAAA29348C90005F9A4D /* Debug */ = {
			isa = XCBuildConfiguration;
			buildSettings = {
				ALWAYS_SEARCH_USER_PATHS = NO;
				CLANG_ANALYZER_NONNULL = YES;
				CLANG_ANALYZER_NUMBER_OBJECT_CONVERSION = YES_AGGRESSIVE;
				CLANG_CXX_LANGUAGE_STANDARD = "gnu++20";
				CLANG_ENABLE_MODULES = YES;
				CLANG_ENABLE_OBJC_ARC = YES;
				CLANG_ENABLE_OBJC_WEAK = YES;
				CLANG_WARN_BLOCK_CAPTURE_AUTORELEASING = YES;
				CLANG_WARN_BOOL_CONVERSION = YES;
				CLANG_WARN_COMMA = YES;
				CLANG_WARN_CONSTANT_CONVERSION = YES;
				CLANG_WARN_DEPRECATED_OBJC_IMPLEMENTATIONS = YES;
				CLANG_WARN_DIRECT_OBJC_ISA_USAGE = YES_ERROR;
				CLANG_WARN_DOCUMENTATION_COMMENTS = YES;
				CLANG_WARN_EMPTY_BODY = YES;
				CLANG_WARN_ENUM_CONVERSION = YES;
				CLANG_WARN_INFINITE_RECURSION = YES;
				CLANG_WARN_INT_CONVERSION = YES;
				CLANG_WARN_NON_LITERAL_NULL_CONVERSION = YES;
				CLANG_WARN_OBJC_IMPLICIT_RETAIN_SELF = YES;
				CLANG_WARN_OBJC_LITERAL_CONVERSION = YES;
				CLANG_WARN_OBJC_ROOT_CLASS = YES_ERROR;
				CLANG_WARN_QUOTED_INCLUDE_IN_FRAMEWORK_HEADER = YES;
				CLANG_WARN_RANGE_LOOP_ANALYSIS = YES;
				CLANG_WARN_STRICT_PROTOTYPES = YES;
				CLANG_WARN_SUSPICIOUS_MOVE = YES;
				CLANG_WARN_UNGUARDED_AVAILABILITY = YES_AGGRESSIVE;
				CLANG_WARN_UNREACHABLE_CODE = YES;
				CLANG_WARN__DUPLICATE_METHOD_MATCH = YES;
				COPY_PHASE_STRIP = NO;
				DEBUG_INFORMATION_FORMAT = dwarf;
				ENABLE_STRICT_OBJC_MSGSEND = YES;
				ENABLE_TESTABILITY = YES;
				GCC_C_LANGUAGE_STANDARD = gnu11;
				GCC_DYNAMIC_NO_PIC = NO;
				GCC_NO_COMMON_BLOCKS = YES;
				GCC_OPTIMIZATION_LEVEL = 0;
				GCC_PREPROCESSOR_DEFINITIONS = (
					"DEBUG=1",
					"$(inherited)",
				);
				GCC_WARN_64_TO_32_BIT_CONVERSION = YES;
				GCC_WARN_ABOUT_RETURN_TYPE = YES_ERROR;
				GCC_WARN_UNDECLARED_SELECTOR = YES;
				GCC_WARN_UNINITIALIZED_AUTOS = YES_AGGRESSIVE;
				GCC_WARN_UNUSED_FUNCTION = YES;
				GCC_WARN_UNUSED_VARIABLE = YES;
				IPHONEOS_DEPLOYMENT_TARGET = 16.0;
				MTL_ENABLE_DEBUG_INFO = INCLUDE_SOURCE;
				MTL_FAST_MATH = YES;
				ONLY_ACTIVE_ARCH = YES;
				SDKROOT = iphoneos;
				SWIFT_ACTIVE_COMPILATION_CONDITIONS = DEBUG;
				SWIFT_OPTIMIZATION_LEVEL = "-Onone";
			};
			name = Debug;
		};
		E761DAAB29348C90005F9A4D /* Release */ = {
			isa = XCBuildConfiguration;
			buildSettings = {
				ALWAYS_SEARCH_USER_PATHS = NO;
				CLANG_ANALYZER_NONNULL = YES;
				CLANG_ANALYZER_NUMBER_OBJECT_CONVERSION = YES_AGGRESSIVE;
				CLANG_CXX_LANGUAGE_STANDARD = "gnu++20";
				CLANG_ENABLE_MODULES = YES;
				CLANG_ENABLE_OBJC_ARC = YES;
				CLANG_ENABLE_OBJC_WEAK = YES;
				CLANG_WARN_BLOCK_CAPTURE_AUTORELEASING = YES;
				CLANG_WARN_BOOL_CONVERSION = YES;
				CLANG_WARN_COMMA = YES;
				CLANG_WARN_CONSTANT_CONVERSION = YES;
				CLANG_WARN_DEPRECATED_OBJC_IMPLEMENTATIONS = YES;
				CLANG_WARN_DIRECT_OBJC_ISA_USAGE = YES_ERROR;
				CLANG_WARN_DOCUMENTATION_COMMENTS = YES;
				CLANG_WARN_EMPTY_BODY = YES;
				CLANG_WARN_ENUM_CONVERSION = YES;
				CLANG_WARN_INFINITE_RECURSION = YES;
				CLANG_WARN_INT_CONVERSION = YES;
				CLANG_WARN_NON_LITERAL_NULL_CONVERSION = YES;
				CLANG_WARN_OBJC_IMPLICIT_RETAIN_SELF = YES;
				CLANG_WARN_OBJC_LITERAL_CONVERSION = YES;
				CLANG_WARN_OBJC_ROOT_CLASS = YES_ERROR;
				CLANG_WARN_QUOTED_INCLUDE_IN_FRAMEWORK_HEADER = YES;
				CLANG_WARN_RANGE_LOOP_ANALYSIS = YES;
				CLANG_WARN_STRICT_PROTOTYPES = YES;
				CLANG_WARN_SUSPICIOUS_MOVE = YES;
				CLANG_WARN_UNGUARDED_AVAILABILITY = YES_AGGRESSIVE;
				CLANG_WARN_UNREACHABLE_CODE = YES;
				CLANG_WARN__DUPLICATE_METHOD_MATCH = YES;
				COPY_PHASE_STRIP = NO;
				DEBUG_INFORMATION_FORMAT = "dwarf-with-dsym";
				ENABLE_NS_ASSERTIONS = NO;
				ENABLE_STRICT_OBJC_MSGSEND = YES;
				GCC_C_LANGUAGE_STANDARD = gnu11;
				GCC_NO_COMMON_BLOCKS = YES;
				GCC_WARN_64_TO_32_BIT_CONVERSION = YES;
				GCC_WARN_ABOUT_RETURN_TYPE = YES_ERROR;
				GCC_WARN_UNDECLARED_SELECTOR = YES;
				GCC_WARN_UNINITIALIZED_AUTOS = YES_AGGRESSIVE;
				GCC_WARN_UNUSED_FUNCTION = YES;
				GCC_WARN_UNUSED_VARIABLE = YES;
				IPHONEOS_DEPLOYMENT_TARGET = 16.0;
				MTL_ENABLE_DEBUG_INFO = NO;
				MTL_FAST_MATH = YES;
				SDKROOT = iphoneos;
				SWIFT_COMPILATION_MODE = wholemodule;
				SWIFT_OPTIMIZATION_LEVEL = "-O";
				VALIDATE_PRODUCT = YES;
			};
			name = Release;
		};
		E761DAAD29348C90005F9A4D /* Debug */ = {
			isa = XCBuildConfiguration;
			buildSettings = {
				ASSETCATALOG_COMPILER_APPICON_NAME = AppIcon;
				ASSETCATALOG_COMPILER_GLOBAL_ACCENT_COLOR_NAME = AccentColor;
				CODE_SIGN_STYLE = Automatic;
				CURRENT_PROJECT_VERSION = 1;
				GENERATE_INFOPLIST_FILE = YES;
				INFOPLIST_FILE = CustomSwitch/Info.plist;
				INFOPLIST_KEY_UIApplicationSupportsIndirectInputEvents = YES;
				INFOPLIST_KEY_UILaunchStoryboardName = LaunchScreen;
				INFOPLIST_KEY_UISupportedInterfaceOrientations_iPad = "UIInterfaceOrientationPortrait UIInterfaceOrientationPortraitUpsideDown UIInterfaceOrientationLandscapeLeft UIInterfaceOrientationLandscapeRight";
				INFOPLIST_KEY_UISupportedInterfaceOrientations_iPhone = "UIInterfaceOrientationPortrait UIInterfaceOrientationLandscapeLeft UIInterfaceOrientationLandscapeRight";
				LD_RUNPATH_SEARCH_PATHS = (
					"$(inherited)",
					"@executable_path/Frameworks",
				);
				MARKETING_VERSION = 1.0;
				PRODUCT_BUNDLE_IDENTIFIER = "Long-Thien.CustomSwitch";
				PRODUCT_NAME = "$(TARGET_NAME)";
				SWIFT_EMIT_LOC_STRINGS = YES;
				SWIFT_VERSION = 5.0;
				TARGETED_DEVICE_FAMILY = "1,2";
			};
			name = Debug;
		};
		E761DAAE29348C90005F9A4D /* Release */ = {
			isa = XCBuildConfiguration;
			buildSettings = {
				ASSETCATALOG_COMPILER_APPICON_NAME = AppIcon;
				ASSETCATALOG_COMPILER_GLOBAL_ACCENT_COLOR_NAME = AccentColor;
				CODE_SIGN_STYLE = Automatic;
				CURRENT_PROJECT_VERSION = 1;
				GENERATE_INFOPLIST_FILE = YES;
				INFOPLIST_FILE = CustomSwitch/Info.plist;
				INFOPLIST_KEY_UIApplicationSupportsIndirectInputEvents = YES;
				INFOPLIST_KEY_UILaunchStoryboardName = LaunchScreen;
				INFOPLIST_KEY_UISupportedInterfaceOrientations_iPad = "UIInterfaceOrientationPortrait UIInterfaceOrientationPortraitUpsideDown UIInterfaceOrientationLandscapeLeft UIInterfaceOrientationLandscapeRight";
				INFOPLIST_KEY_UISupportedInterfaceOrientations_iPhone = "UIInterfaceOrientationPortrait UIInterfaceOrientationLandscapeLeft UIInterfaceOrientationLandscapeRight";
				LD_RUNPATH_SEARCH_PATHS = (
					"$(inherited)",
					"@executable_path/Frameworks",
				);
				MARKETING_VERSION = 1.0;
				PRODUCT_BUNDLE_IDENTIFIER = "Long-Thien.CustomSwitch";
				PRODUCT_NAME = "$(TARGET_NAME)";
				SWIFT_EMIT_LOC_STRINGS = YES;
				SWIFT_VERSION = 5.0;
				TARGETED_DEVICE_FAMILY = "1,2";
			};
			name = Release;
		};
/* End XCBuildConfiguration section */

/* Begin XCConfigurationList section */
		E761DA9329348C8F005F9A4D /* Build configuration list for PBXProject "CustomSwitch" */ = {
			isa = XCConfigurationList;
			buildConfigurations = (
				E761DAAA29348C90005F9A4D /* Debug */,
				E761DAAB29348C90005F9A4D /* Release */,
			);
			defaultConfigurationIsVisible = 0;
			defaultConfigurationName = Release;
		};
		E761DAAC29348C90005F9A4D /* Build configuration list for PBXNativeTarget "CustomSwitch" */ = {
			isa = XCConfigurationList;
			buildConfigurations = (
				E761DAAD29348C90005F9A4D /* Debug */,
				E761DAAE29348C90005F9A4D /* Release */,
			);
			defaultConfigurationIsVisible = 0;
			defaultConfigurationName = Release;
		};
/* End XCConfigurationList section */
	};
	rootObject = E761DA9029348C8F005F9A4D /* Project object */;
}
